// !$*UTF8*$!
{
	archiveVersion = 1;
	classes = {
	};
	objectVersion = 55;
	objects = {

/* Begin PBXBuildFile section */
		93A97D0A9D2CEC2801A1AE7A /* Pods_HW25_Alamofire.framework in Frameworks */ = {isa = PBXBuildFile; fileRef = DB738BA6F54AF6B04D921BFD /* Pods_HW25_Alamofire.framework */; };
		DD092CB6289EB8A30095775A /* ComicModel.swift in Sources */ = {isa = PBXBuildFile; fileRef = DD092CB5289EB8A30095775A /* ComicModel.swift */; };
		DD092CB8289EB8C00095775A /* ComicsModel.swift in Sources */ = {isa = PBXBuildFile; fileRef = DD092CB7289EB8C00095775A /* ComicsModel.swift */; };
		DD092CBC289EC39B0095775A /* ComicDisplayable.swift in Sources */ = {isa = PBXBuildFile; fileRef = DD092CBB289EC39B0095775A /* ComicDisplayable.swift */; };
		DD1DBD6E289C2B18005555A7 /* CardModel.swift in Sources */ = {isa = PBXBuildFile; fileRef = DD1DBD6D289C2B18005555A7 /* CardModel.swift */; };
		DD1DBD71289C38CF005555A7 /* MtgDisplayable.swift in Sources */ = {isa = PBXBuildFile; fileRef = DD1DBD70289C38CF005555A7 /* MtgDisplayable.swift */; };
		DD1DBD74289C3D2D005555A7 /* DetailMtgController.swift in Sources */ = {isa = PBXBuildFile; fileRef = DD1DBD73289C3D2D005555A7 /* DetailMtgController.swift */; };
		DD1DBD76289C3D80005555A7 /* DetailMtgCardView.swift in Sources */ = {isa = PBXBuildFile; fileRef = DD1DBD75289C3D80005555A7 /* DetailMtgCardView.swift */; };
		DD5BAB17289AA3E700CBF00B /* AppDelegate.swift in Sources */ = {isa = PBXBuildFile; fileRef = DD5BAB16289AA3E700CBF00B /* AppDelegate.swift */; };
		DD5BAB19289AA3E700CBF00B /* SceneDelegate.swift in Sources */ = {isa = PBXBuildFile; fileRef = DD5BAB18289AA3E700CBF00B /* SceneDelegate.swift */; };
		DD5BAB1B289AA3E700CBF00B /* MtgController.swift in Sources */ = {isa = PBXBuildFile; fileRef = DD5BAB1A289AA3E700CBF00B /* MtgController.swift */; };
		DD5BAB20289AA3E900CBF00B /* Assets.xcassets in Resources */ = {isa = PBXBuildFile; fileRef = DD5BAB1F289AA3E900CBF00B /* Assets.xcassets */; };
		DD5BAB23289AA3E900CBF00B /* LaunchScreen.storyboard in Resources */ = {isa = PBXBuildFile; fileRef = DD5BAB21289AA3E900CBF00B /* LaunchScreen.storyboard */; };
		DD5BAB33289AAA7B00CBF00B /* MtgView.swift in Sources */ = {isa = PBXBuildFile; fileRef = DD5BAB32289AAA7B00CBF00B /* MtgView.swift */; };
		DD5BAB35289AAAFB00CBF00B /* MtgTableViewCell.swift in Sources */ = {isa = PBXBuildFile; fileRef = DD5BAB34289AAAFB00CBF00B /* MtgTableViewCell.swift */; };
		DD805F19289E96C000EB6D21 /* ComicsView.swift in Sources */ = {isa = PBXBuildFile; fileRef = DD805F18289E96C000EB6D21 /* ComicsView.swift */; };
		DDCF2329289C500300DAC447 /* CardsModel.swift in Sources */ = {isa = PBXBuildFile; fileRef = DDCF2328289C500300DAC447 /* CardsModel.swift */; };
/* End PBXBuildFile section */

/* Begin PBXFileReference section */
		838565066B1E1B0099512610 /* Pods-HW25-Alamofire.debug.xcconfig */ = {isa = PBXFileReference; includeInIndex = 1; lastKnownFileType = text.xcconfig; name = "Pods-HW25-Alamofire.debug.xcconfig"; path = "Target Support Files/Pods-HW25-Alamofire/Pods-HW25-Alamofire.debug.xcconfig"; sourceTree = "<group>"; };
		8D6FF5EEEF812616AF544CA6 /* Pods-HW25-Alamofire.release.xcconfig */ = {isa = PBXFileReference; includeInIndex = 1; lastKnownFileType = text.xcconfig; name = "Pods-HW25-Alamofire.release.xcconfig"; path = "Target Support Files/Pods-HW25-Alamofire/Pods-HW25-Alamofire.release.xcconfig"; sourceTree = "<group>"; };
		DB738BA6F54AF6B04D921BFD /* Pods_HW25_Alamofire.framework */ = {isa = PBXFileReference; explicitFileType = wrapper.framework; includeInIndex = 0; path = Pods_HW25_Alamofire.framework; sourceTree = BUILT_PRODUCTS_DIR; };
		DD092CB5289EB8A30095775A /* ComicModel.swift */ = {isa = PBXFileReference; lastKnownFileType = sourcecode.swift; path = ComicModel.swift; sourceTree = "<group>"; };
		DD092CB7289EB8C00095775A /* ComicsModel.swift */ = {isa = PBXFileReference; lastKnownFileType = sourcecode.swift; path = ComicsModel.swift; sourceTree = "<group>"; };
		DD092CBB289EC39B0095775A /* ComicDisplayable.swift */ = {isa = PBXFileReference; lastKnownFileType = sourcecode.swift; path = ComicDisplayable.swift; sourceTree = "<group>"; };
		DD1DBD6D289C2B18005555A7 /* CardModel.swift */ = {isa = PBXFileReference; lastKnownFileType = sourcecode.swift; path = CardModel.swift; sourceTree = "<group>"; };
		DD1DBD70289C38CF005555A7 /* MtgDisplayable.swift */ = {isa = PBXFileReference; lastKnownFileType = sourcecode.swift; path = MtgDisplayable.swift; sourceTree = "<group>"; };
		DD1DBD73289C3D2D005555A7 /* DetailMtgController.swift */ = {isa = PBXFileReference; lastKnownFileType = sourcecode.swift; path = DetailMtgController.swift; sourceTree = "<group>"; };
		DD1DBD75289C3D80005555A7 /* DetailMtgCardView.swift */ = {isa = PBXFileReference; lastKnownFileType = sourcecode.swift; path = DetailMtgCardView.swift; sourceTree = "<group>"; };
		DD5BAB13289AA3E700CBF00B /* HW25-Alamofire.app */ = {isa = PBXFileReference; explicitFileType = wrapper.application; includeInIndex = 0; path = "HW25-Alamofire.app"; sourceTree = BUILT_PRODUCTS_DIR; };
		DD5BAB16289AA3E700CBF00B /* AppDelegate.swift */ = {isa = PBXFileReference; lastKnownFileType = sourcecode.swift; path = AppDelegate.swift; sourceTree = "<group>"; };
		DD5BAB18289AA3E700CBF00B /* SceneDelegate.swift */ = {isa = PBXFileReference; lastKnownFileType = sourcecode.swift; path = SceneDelegate.swift; sourceTree = "<group>"; };
		DD5BAB1A289AA3E700CBF00B /* MtgController.swift */ = {isa = PBXFileReference; lastKnownFileType = sourcecode.swift; path = MtgController.swift; sourceTree = "<group>"; };
		DD5BAB1F289AA3E900CBF00B /* Assets.xcassets */ = {isa = PBXFileReference; lastKnownFileType = folder.assetcatalog; path = Assets.xcassets; sourceTree = "<group>"; };
		DD5BAB22289AA3E900CBF00B /* Base */ = {isa = PBXFileReference; lastKnownFileType = file.storyboard; name = Base; path = Base.lproj/LaunchScreen.storyboard; sourceTree = "<group>"; };
		DD5BAB24289AA3E900CBF00B /* Info.plist */ = {isa = PBXFileReference; lastKnownFileType = text.plist.xml; path = Info.plist; sourceTree = "<group>"; };
		DD5BAB32289AAA7B00CBF00B /* MtgView.swift */ = {isa = PBXFileReference; lastKnownFileType = sourcecode.swift; path = MtgView.swift; sourceTree = "<group>"; };
		DD5BAB34289AAAFB00CBF00B /* MtgTableViewCell.swift */ = {isa = PBXFileReference; lastKnownFileType = sourcecode.swift; path = MtgTableViewCell.swift; sourceTree = "<group>"; };
		DD805F18289E96C000EB6D21 /* ComicsView.swift */ = {isa = PBXFileReference; lastKnownFileType = sourcecode.swift; path = ComicsView.swift; sourceTree = "<group>"; };
		DDCF2328289C500300DAC447 /* CardsModel.swift */ = {isa = PBXFileReference; lastKnownFileType = sourcecode.swift; path = CardsModel.swift; sourceTree = "<group>"; };
/* End PBXFileReference section */

/* Begin PBXFrameworksBuildPhase section */
		DD5BAB10289AA3E700CBF00B /* Frameworks */ = {
			isa = PBXFrameworksBuildPhase;
			buildActionMask = 2147483647;
			files = (
				93A97D0A9D2CEC2801A1AE7A /* Pods_HW25_Alamofire.framework in Frameworks */,
			);
			runOnlyForDeploymentPostprocessing = 0;
		};
/* End PBXFrameworksBuildPhase section */

/* Begin PBXGroup section */
		3D56B8790C528B002EAEF145 /* Frameworks */ = {
			isa = PBXGroup;
			children = (
				DB738BA6F54AF6B04D921BFD /* Pods_HW25_Alamofire.framework */,
			);
			name = Frameworks;
			sourceTree = "<group>";
		};
		4E6C7730F34601F05158B7D9 /* Pods */ = {
			isa = PBXGroup;
			children = (
				838565066B1E1B0099512610 /* Pods-HW25-Alamofire.debug.xcconfig */,
				8D6FF5EEEF812616AF544CA6 /* Pods-HW25-Alamofire.release.xcconfig */,
			);
			path = Pods;
			sourceTree = "<group>";
		};
		DD1DBD6F289C38C1005555A7 /* Protocols */ = {
			isa = PBXGroup;
			children = (
				DD1DBD70289C38CF005555A7 /* MtgDisplayable.swift */,
			);
			path = Protocols;
			sourceTree = "<group>";
		};
		DD5BAB0A289AA3E700CBF00B = {
			isa = PBXGroup;
			children = (
				DD5BAB15289AA3E700CBF00B /* HW25-Alamofire */,
				DD5BAB14289AA3E700CBF00B /* Products */,
				4E6C7730F34601F05158B7D9 /* Pods */,
				3D56B8790C528B002EAEF145 /* Frameworks */,
			);
			sourceTree = "<group>";
		};
		DD5BAB14289AA3E700CBF00B /* Products */ = {
			isa = PBXGroup;
			children = (
				DD5BAB13289AA3E700CBF00B /* HW25-Alamofire.app */,
			);
			name = Products;
			sourceTree = "<group>";
		};
		DD5BAB15289AA3E700CBF00B /* HW25-Alamofire */ = {
			isa = PBXGroup;
			children = (
				DD5BAB2B289AA7A200CBF00B /* Sources */,
				DD5BAB2C289AA7AC00CBF00B /* Resources */,
			);
			path = "HW25-Alamofire";
			sourceTree = "<group>";
		};
		DD5BAB2B289AA7A200CBF00B /* Sources */ = {
			isa = PBXGroup;
			children = (
				DD5BAB2D289AA7DB00CBF00B /* App */,
				DD5BAB2E289AA7DF00CBF00B /* Scenes */,
			);
			path = Sources;
			sourceTree = "<group>";
		};
		DD5BAB2C289AA7AC00CBF00B /* Resources */ = {
			isa = PBXGroup;
			children = (
				DD5BAB1F289AA3E900CBF00B /* Assets.xcassets */,
				DD5BAB21289AA3E900CBF00B /* LaunchScreen.storyboard */,
				DD5BAB24289AA3E900CBF00B /* Info.plist */,
			);
			path = Resources;
			sourceTree = "<group>";
		};
		DD5BAB2D289AA7DB00CBF00B /* App */ = {
			isa = PBXGroup;
			children = (
				DD5BAB16289AA3E700CBF00B /* AppDelegate.swift */,
				DD5BAB18289AA3E700CBF00B /* SceneDelegate.swift */,
			);
			path = App;
			sourceTree = "<group>";
		};
		DD5BAB2E289AA7DF00CBF00B /* Scenes */ = {
			isa = PBXGroup;
			children = (
				DD805F10289E94BA00EB6D21 /* MagicTheGathering */,
			);
			path = Scenes;
			sourceTree = "<group>";
		};
		DD5BAB2F289AA7F500CBF00B /* Model */ = {
			isa = PBXGroup;
			children = (
				DD1DBD6D289C2B18005555A7 /* CardModel.swift */,
				DDCF2328289C500300DAC447 /* CardsModel.swift */,
			);
			path = Model;
			sourceTree = "<group>";
		};
		DD5BAB30289AA7FB00CBF00B /* View */ = {
			isa = PBXGroup;
			children = (
				DD5BAB32289AAA7B00CBF00B /* MtgView.swift */,
				DD5BAB34289AAAFB00CBF00B /* MtgTableViewCell.swift */,
				DD1DBD75289C3D80005555A7 /* DetailMtgCardView.swift */,
			);
			path = View;
			sourceTree = "<group>";
		};
		DD5BAB31289AA80000CBF00B /* Controller */ = {
			isa = PBXGroup;
			children = (
				DD5BAB1A289AA3E700CBF00B /* MtgController.swift */,
				DD1DBD73289C3D2D005555A7 /* DetailMtgController.swift */,
			);
			path = Controller;
			sourceTree = "<group>";
		};
		DD805F10289E94BA00EB6D21 /* MagicTheGathering */ = {
			isa = PBXGroup;
			children = (
				DD1DBD6F289C38C1005555A7 /* Protocols */,
				DD5BAB31289AA80000CBF00B /* Controller */,
				DD5BAB30289AA7FB00CBF00B /* View */,
				DD5BAB2F289AA7F500CBF00B /* Model */,
			);
			path = MagicTheGathering;
			sourceTree = "<group>";
		};
		DD805F11289E95D800EB6D21 /* Marvel */ = {
			isa = PBXGroup;
			children = (
				DD805F15289E95F900EB6D21 /* Protocols */,
				DD805F13289E95ED00EB6D21 /* View */,
				DD805F12289E95E800EB6D21 /* Model */,
			);
			path = Marvel;
			sourceTree = "<group>";
		};
		DD805F12289E95E800EB6D21 /* Model */ = {
			isa = PBXGroup;
			children = (
				DD092CB5289EB8A30095775A /* ComicModel.swift */,
				DD092CB7289EB8C00095775A /* ComicsModel.swift */,
			);
			path = Model;
			sourceTree = "<group>";
		};
		DD805F13289E95ED00EB6D21 /* View */ = {
			isa = PBXGroup;
			children = (
				DD805F18289E96C000EB6D21 /* ComicsView.swift */,
			);
			path = View;
			sourceTree = "<group>";
		};
		DD805F15289E95F900EB6D21 /* Protocols */ = {
			isa = PBXGroup;
			children = (
				DD092CBB289EC39B0095775A /* ComicDisplayable.swift */,
			);
			path = Protocols;
			sourceTree = "<group>";
		};
/* End PBXGroup section */

/* Begin PBXNativeTarget section */
		DD5BAB12289AA3E700CBF00B /* HW25-Alamofire */ = {
			isa = PBXNativeTarget;
			buildConfigurationList = DD5BAB27289AA3E900CBF00B /* Build configuration list for PBXNativeTarget "HW25-Alamofire" */;
			buildPhases = (
				FE50FDE8E20D0B87D551A706 /* [CP] Check Pods Manifest.lock */,
				DD5BAB0F289AA3E700CBF00B /* Sources */,
				DD5BAB10289AA3E700CBF00B /* Frameworks */,
				DD5BAB11289AA3E700CBF00B /* Resources */,
				DB89622550B4EC797174D3C6 /* [CP] Embed Pods Frameworks */,
			);
			buildRules = (
			);
			dependencies = (
			);
			name = "HW25-Alamofire";
			productName = "HW25-Alamofire";
			productReference = DD5BAB13289AA3E700CBF00B /* HW25-Alamofire.app */;
			productType = "com.apple.product-type.application";
		};
/* End PBXNativeTarget section */

/* Begin PBXProject section */
		DD5BAB0B289AA3E700CBF00B /* Project object */ = {
			isa = PBXProject;
			attributes = {
				BuildIndependentTargetsInParallel = 1;
				LastSwiftUpdateCheck = 1330;
				LastUpgradeCheck = 1330;
				TargetAttributes = {
					DD5BAB12289AA3E700CBF00B = {
						CreatedOnToolsVersion = 13.3.1;
					};
				};
			};
			buildConfigurationList = DD5BAB0E289AA3E700CBF00B /* Build configuration list for PBXProject "HW25-Alamofire" */;
			compatibilityVersion = "Xcode 13.0";
			developmentRegion = en;
			hasScannedForEncodings = 0;
			knownRegions = (
				en,
				Base,
			);
			mainGroup = DD5BAB0A289AA3E700CBF00B;
			productRefGroup = DD5BAB14289AA3E700CBF00B /* Products */;
			projectDirPath = "";
			projectRoot = "";
			targets = (
				DD5BAB12289AA3E700CBF00B /* HW25-Alamofire */,
			);
		};
/* End PBXProject section */

/* Begin PBXResourcesBuildPhase section */
		DD5BAB11289AA3E700CBF00B /* Resources */ = {
			isa = PBXResourcesBuildPhase;
			buildActionMask = 2147483647;
			files = (
				DD5BAB23289AA3E900CBF00B /* LaunchScreen.storyboard in Resources */,
				DD5BAB20289AA3E900CBF00B /* Assets.xcassets in Resources */,
			);
			runOnlyForDeploymentPostprocessing = 0;
		};
/* End PBXResourcesBuildPhase section */

/* Begin PBXShellScriptBuildPhase section */
		DB89622550B4EC797174D3C6 /* [CP] Embed Pods Frameworks */ = {
			isa = PBXShellScriptBuildPhase;
			buildActionMask = 2147483647;
			files = (
			);
			inputFileListPaths = (
				"${PODS_ROOT}/Target Support Files/Pods-HW25-Alamofire/Pods-HW25-Alamofire-frameworks-${CONFIGURATION}-input-files.xcfilelist",
			);
			name = "[CP] Embed Pods Frameworks";
			outputFileListPaths = (
				"${PODS_ROOT}/Target Support Files/Pods-HW25-Alamofire/Pods-HW25-Alamofire-frameworks-${CONFIGURATION}-output-files.xcfilelist",
			);
			runOnlyForDeploymentPostprocessing = 0;
			shellPath = /bin/sh;
			shellScript = "\"${PODS_ROOT}/Target Support Files/Pods-HW25-Alamofire/Pods-HW25-Alamofire-frameworks.sh\"\n";
			showEnvVarsInLog = 0;
		};
		FE50FDE8E20D0B87D551A706 /* [CP] Check Pods Manifest.lock */ = {
			isa = PBXShellScriptBuildPhase;
			buildActionMask = 2147483647;
			files = (
			);
			inputFileListPaths = (
			);
			inputPaths = (
				"${PODS_PODFILE_DIR_PATH}/Podfile.lock",
				"${PODS_ROOT}/Manifest.lock",
			);
			name = "[CP] Check Pods Manifest.lock";
			outputFileListPaths = (
			);
			outputPaths = (
				"$(DERIVED_FILE_DIR)/Pods-HW25-Alamofire-checkManifestLockResult.txt",
			);
			runOnlyForDeploymentPostprocessing = 0;
			shellPath = /bin/sh;
			shellScript = "diff \"${PODS_PODFILE_DIR_PATH}/Podfile.lock\" \"${PODS_ROOT}/Manifest.lock\" > /dev/null\nif [ $? != 0 ] ; then\n    # print error to STDERR\n    echo \"error: The sandbox is not in sync with the Podfile.lock. Run 'pod install' or update your CocoaPods installation.\" >&2\n    exit 1\nfi\n# This output is used by Xcode 'outputs' to avoid re-running this script phase.\necho \"SUCCESS\" > \"${SCRIPT_OUTPUT_FILE_0}\"\n";
			showEnvVarsInLog = 0;
		};
/* End PBXShellScriptBuildPhase section */

/* Begin PBXSourcesBuildPhase section */
		DD5BAB0F289AA3E700CBF00B /* Sources */ = {
			isa = PBXSourcesBuildPhase;
			buildActionMask = 2147483647;
			files = (
				DD1DBD76289C3D80005555A7 /* DetailMtgCardView.swift in Sources */,
				DD805F19289E96C000EB6D21 /* ComicsView.swift in Sources */,
				DD092CBC289EC39B0095775A /* ComicDisplayable.swift in Sources */,
				DD5BAB1B289AA3E700CBF00B /* MtgController.swift in Sources */,
				DD5BAB17289AA3E700CBF00B /* AppDelegate.swift in Sources */,
				DD1DBD71289C38CF005555A7 /* MtgDisplayable.swift in Sources */,
				DD092CB6289EB8A30095775A /* ComicModel.swift in Sources */,
				DD1DBD74289C3D2D005555A7 /* DetailMtgController.swift in Sources */,
				DDCF2329289C500300DAC447 /* CardsModel.swift in Sources */,
				DD5BAB19289AA3E700CBF00B /* SceneDelegate.swift in Sources */,
				DD5BAB35289AAAFB00CBF00B /* MtgTableViewCell.swift in Sources */,
				DD5BAB33289AAA7B00CBF00B /* MtgView.swift in Sources */,
				DD1DBD6E289C2B18005555A7 /* CardModel.swift in Sources */,
				DD092CB8289EB8C00095775A /* ComicsModel.swift in Sources */,
			);
			runOnlyForDeploymentPostprocessing = 0;
		};
/* End PBXSourcesBuildPhase section */

/* Begin PBXVariantGroup section */
		DD5BAB21289AA3E900CBF00B /* LaunchScreen.storyboard */ = {
			isa = PBXVariantGroup;
			children = (
				DD5BAB22289AA3E900CBF00B /* Base */,
			);
			name = LaunchScreen.storyboard;
			sourceTree = "<group>";
		};
/* End PBXVariantGroup section */

/* Begin XCBuildConfiguration section */
		DD5BAB25289AA3E900CBF00B /* Debug */ = {
			isa = XCBuildConfiguration;
			buildSettings = {
				ALWAYS_SEARCH_USER_PATHS = NO;
				CLANG_ANALYZER_NONNULL = YES;
				CLANG_ANALYZER_NUMBER_OBJECT_CONVERSION = YES_AGGRESSIVE;
				CLANG_CXX_LANGUAGE_STANDARD = "gnu++17";
				CLANG_ENABLE_MODULES = YES;
				CLANG_ENABLE_OBJC_ARC = YES;
				CLANG_ENABLE_OBJC_WEAK = YES;
				CLANG_WARN_BLOCK_CAPTURE_AUTORELEASING = YES;
				CLANG_WARN_BOOL_CONVERSION = YES;
				CLANG_WARN_COMMA = YES;
				CLANG_WARN_CONSTANT_CONVERSION = YES;
				CLANG_WARN_DEPRECATED_OBJC_IMPLEMENTATIONS = YES;
				CLANG_WARN_DIRECT_OBJC_ISA_USAGE = YES_ERROR;
				CLANG_WARN_DOCUMENTATION_COMMENTS = YES;
				CLANG_WARN_EMPTY_BODY = YES;
				CLANG_WARN_ENUM_CONVERSION = YES;
				CLANG_WARN_INFINITE_RECURSION = YES;
				CLANG_WARN_INT_CONVERSION = YES;
				CLANG_WARN_NON_LITERAL_NULL_CONVERSION = YES;
				CLANG_WARN_OBJC_IMPLICIT_RETAIN_SELF = YES;
				CLANG_WARN_OBJC_LITERAL_CONVERSION = YES;
				CLANG_WARN_OBJC_ROOT_CLASS = YES_ERROR;
				CLANG_WARN_QUOTED_INCLUDE_IN_FRAMEWORK_HEADER = YES;
				CLANG_WARN_RANGE_LOOP_ANALYSIS = YES;
				CLANG_WARN_STRICT_PROTOTYPES = YES;
				CLANG_WARN_SUSPICIOUS_MOVE = YES;
				CLANG_WARN_UNGUARDED_AVAILABILITY = YES_AGGRESSIVE;
				CLANG_WARN_UNREACHABLE_CODE = YES;
				CLANG_WARN__DUPLICATE_METHOD_MATCH = YES;
				COPY_PHASE_STRIP = NO;
				DEBUG_INFORMATION_FORMAT = dwarf;
				ENABLE_STRICT_OBJC_MSGSEND = YES;
				ENABLE_TESTABILITY = YES;
				GCC_C_LANGUAGE_STANDARD = gnu11;
				GCC_DYNAMIC_NO_PIC = NO;
				GCC_NO_COMMON_BLOCKS = YES;
				GCC_OPTIMIZATION_LEVEL = 0;
				GCC_PREPROCESSOR_DEFINITIONS = (
					"DEBUG=1",
					"$(inherited)",
				);
				GCC_WARN_64_TO_32_BIT_CONVERSION = YES;
				GCC_WARN_ABOUT_RETURN_TYPE = YES_ERROR;
				GCC_WARN_UNDECLARED_SELECTOR = YES;
				GCC_WARN_UNINITIALIZED_AUTOS = YES_AGGRESSIVE;
				GCC_WARN_UNUSED_FUNCTION = YES;
				GCC_WARN_UNUSED_VARIABLE = YES;
				IPHONEOS_DEPLOYMENT_TARGET = 15.4;
				MTL_ENABLE_DEBUG_INFO = INCLUDE_SOURCE;
				MTL_FAST_MATH = YES;
				ONLY_ACTIVE_ARCH = YES;
				SDKROOT = iphoneos;
				SWIFT_ACTIVE_COMPILATION_CONDITIONS = DEBUG;
				SWIFT_OPTIMIZATION_LEVEL = "-Onone";
			};
			name = Debug;
		};
		DD5BAB26289AA3E900CBF00B /* Release */ = {
			isa = XCBuildConfiguration;
			buildSettings = {
				ALWAYS_SEARCH_USER_PATHS = NO;
				CLANG_ANALYZER_NONNULL = YES;
				CLANG_ANALYZER_NUMBER_OBJECT_CONVERSION = YES_AGGRESSIVE;
				CLANG_CXX_LANGUAGE_STANDARD = "gnu++17";
				CLANG_ENABLE_MODULES = YES;
				CLANG_ENABLE_OBJC_ARC = YES;
				CLANG_ENABLE_OBJC_WEAK = YES;
				CLANG_WARN_BLOCK_CAPTURE_AUTORELEASING = YES;
				CLANG_WARN_BOOL_CONVERSION = YES;
				CLANG_WARN_COMMA = YES;
				CLANG_WARN_CONSTANT_CONVERSION = YES;
				CLANG_WARN_DEPRECATED_OBJC_IMPLEMENTATIONS = YES;
				CLANG_WARN_DIRECT_OBJC_ISA_USAGE = YES_ERROR;
				CLANG_WARN_DOCUMENTATION_COMMENTS = YES;
				CLANG_WARN_EMPTY_BODY = YES;
				CLANG_WARN_ENUM_CONVERSION = YES;
				CLANG_WARN_INFINITE_RECURSION = YES;
				CLANG_WARN_INT_CONVERSION = YES;
				CLANG_WARN_NON_LITERAL_NULL_CONVERSION = YES;
				CLANG_WARN_OBJC_IMPLICIT_RETAIN_SELF = YES;
				CLANG_WARN_OBJC_LITERAL_CONVERSION = YES;
				CLANG_WARN_OBJC_ROOT_CLASS = YES_ERROR;
				CLANG_WARN_QUOTED_INCLUDE_IN_FRAMEWORK_HEADER = YES;
				CLANG_WARN_RANGE_LOOP_ANALYSIS = YES;
				CLANG_WARN_STRICT_PROTOTYPES = YES;
				CLANG_WARN_SUSPICIOUS_MOVE = YES;
				CLANG_WARN_UNGUARDED_AVAILABILITY = YES_AGGRESSIVE;
				CLANG_WARN_UNREACHABLE_CODE = YES;
				CLANG_WARN__DUPLICATE_METHOD_MATCH = YES;
				COPY_PHASE_STRIP = NO;
				DEBUG_INFORMATION_FORMAT = "dwarf-with-dsym";
				ENABLE_NS_ASSERTIONS = NO;
				ENABLE_STRICT_OBJC_MSGSEND = YES;
				GCC_C_LANGUAGE_STANDARD = gnu11;
				GCC_NO_COMMON_BLOCKS = YES;
				GCC_WARN_64_TO_32_BIT_CONVERSION = YES;
				GCC_WARN_ABOUT_RETURN_TYPE = YES_ERROR;
				GCC_WARN_UNDECLARED_SELECTOR = YES;
				GCC_WARN_UNINITIALIZED_AUTOS = YES_AGGRESSIVE;
				GCC_WARN_UNUSED_FUNCTION = YES;
				GCC_WARN_UNUSED_VARIABLE = YES;
				IPHONEOS_DEPLOYMENT_TARGET = 15.4;
				MTL_ENABLE_DEBUG_INFO = NO;
				MTL_FAST_MATH = YES;
				SDKROOT = iphoneos;
				SWIFT_COMPILATION_MODE = wholemodule;
				SWIFT_OPTIMIZATION_LEVEL = "-O";
				VALIDATE_PRODUCT = YES;
			};
			name = Release;
		};
		DD5BAB28289AA3E900CBF00B /* Debug */ = {
			isa = XCBuildConfiguration;
			baseConfigurationReference = 838565066B1E1B0099512610 /* Pods-HW25-Alamofire.debug.xcconfig */;
			buildSettings = {
				ASSETCATALOG_COMPILER_APPICON_NAME = AppIcon;
				ASSETCATALOG_COMPILER_GLOBAL_ACCENT_COLOR_NAME = AccentColor;
				CODE_SIGN_STYLE = Automatic;
				CURRENT_PROJECT_VERSION = 1;
				DEVELOPMENT_TEAM = 7CZSM4DJ6N;
				GENERATE_INFOPLIST_FILE = YES;
				INFOPLIST_FILE = "HW25-Alamofire/Resources/Info.plist";
				INFOPLIST_KEY_UIApplicationSupportsIndirectInputEvents = YES;
				INFOPLIST_KEY_UILaunchStoryboardName = LaunchScreen;
				INFOPLIST_KEY_UISupportedInterfaceOrientations_iPad = "UIInterfaceOrientationPortrait UIInterfaceOrientationPortraitUpsideDown UIInterfaceOrientationLandscapeLeft UIInterfaceOrientationLandscapeRight";
				INFOPLIST_KEY_UISupportedInterfaceOrientations_iPhone = "UIInterfaceOrientationPortrait UIInterfaceOrientationLandscapeLeft UIInterfaceOrientationLandscapeRight";
				LD_RUNPATH_SEARCH_PATHS = (
					"$(inherited)",
					"@executable_path/Frameworks",
				);
				MARKETING_VERSION = 1.0;
				PRODUCT_BUNDLE_IDENTIFIER = "com.my.HW25-Alamofire";
				PRODUCT_NAME = "$(TARGET_NAME)";
				SWIFT_EMIT_LOC_STRINGS = YES;
				SWIFT_VERSION = 5.0;
				TARGETED_DEVICE_FAMILY = "1,2";
			};
			name = Debug;
		};
		DD5BAB29289AA3E900CBF00B /* Release */ = {
			isa = XCBuildConfiguration;
			baseConfigurationReference = 8D6FF5EEEF812616AF544CA6 /* Pods-HW25-Alamofire.release.xcconfig */;
			buildSettings = {
				ASSETCATALOG_COMPILER_APPICON_NAME = AppIcon;
				ASSETCATALOG_COMPILER_GLOBAL_ACCENT_COLOR_NAME = AccentColor;
				CODE_SIGN_STYLE = Automatic;
				CURRENT_PROJECT_VERSION = 1;
				DEVELOPMENT_TEAM = 7CZSM4DJ6N;
				GENERATE_INFOPLIST_FILE = YES;
				INFOPLIST_FILE = "HW25-Alamofire/Resources/Info.plist";
				INFOPLIST_KEY_UIApplicationSupportsIndirectInputEvents = YES;
				INFOPLIST_KEY_UILaunchStoryboardName = LaunchScreen;
				INFOPLIST_KEY_UISupportedInterfaceOrientations_iPad = "UIInterfaceOrientationPortrait UIInterfaceOrientationPortraitUpsideDown UIInterfaceOrientationLandscapeLeft UIInterfaceOrientationLandscapeRight";
				INFOPLIST_KEY_UISupportedInterfaceOrientations_iPhone = "UIInterfaceOrientationPortrait UIInterfaceOrientationLandscapeLeft UIInterfaceOrientationLandscapeRight";
				LD_RUNPATH_SEARCH_PATHS = (
					"$(inherited)",
					"@executable_path/Frameworks",
				);
				MARKETING_VERSION = 1.0;
				PRODUCT_BUNDLE_IDENTIFIER = "com.my.HW25-Alamofire";
				PRODUCT_NAME = "$(TARGET_NAME)";
				SWIFT_EMIT_LOC_STRINGS = YES;
				SWIFT_VERSION = 5.0;
				TARGETED_DEVICE_FAMILY = "1,2";
			};
			name = Release;
		};
/* End XCBuildConfiguration section */

/* Begin XCConfigurationList section */
		DD5BAB0E289AA3E700CBF00B /* Build configuration list for PBXProject "HW25-Alamofire" */ = {
			isa = XCConfigurationList;
			buildConfigurations = (
				DD5BAB25289AA3E900CBF00B /* Debug */,
				DD5BAB26289AA3E900CBF00B /* Release */,
			);
			defaultConfigurationIsVisible = 0;
			defaultConfigurationName = Release;
		};
		DD5BAB27289AA3E900CBF00B /* Build configuration list for PBXNativeTarget "HW25-Alamofire" */ = {
			isa = XCConfigurationList;
			buildConfigurations = (
				DD5BAB28289AA3E900CBF00B /* Debug */,
				DD5BAB29289AA3E900CBF00B /* Release */,
			);
			defaultConfigurationIsVisible = 0;
			defaultConfigurationName = Release;
		};
/* End XCConfigurationList section */
	};
	rootObject = DD5BAB0B289AA3E700CBF00B /* Project object */;
}
